// !$*UTF8*$!
{
	archiveVersion = 1;
	classes = {
	};
	objectVersion = 77;
	objects = {

/* Begin PBXBuildFile section */
		21E34002BD9A77D8650C9B11 /* AdConfig.swift in Sources */ = {isa = PBXBuildFile; fileRef = 033AA694FFB861833F9C2C54 /* AdConfig.swift */; };
		35957F496F7290021875FE04 /* ConverterView.swift in Sources */ = {isa = PBXBuildFile; fileRef = E4A0B4D6D33351125B0AC091 /* ConverterView.swift */; };
		8EB85540D41A42CB3DF0AD85 /* PrivacyInfo.xcprivacy in Resources */ = {isa = PBXBuildFile; fileRef = 832F024CCDD893C339075D14 /* PrivacyInfo.xcprivacy */; };
		99BA73F24D54BA8A10900F45 /* ContentView.swift in Sources */ = {isa = PBXBuildFile; fileRef = AFB658C211672EFBC7841D9D /* ContentView.swift */; };
		9FDF97D520349F9F8644CA1D /* BannerAdView.swift in Sources */ = {isa = PBXBuildFile; fileRef = B87E14B15C2FA04D3EFAD26E /* BannerAdView.swift */; };
		DC64F68DC62F6D5947BBE9DD /* ConversionModels.swift in Sources */ = {isa = PBXBuildFile; fileRef = 758893B533720B80987FDD58 /* ConversionModels.swift */; };
		E5E0A28CD4756182F5291845 /* UnitConverterApp.swift in Sources */ = {isa = PBXBuildFile; fileRef = 484AB196DD77AA05D8C452E1 /* UnitConverterApp.swift */; };
		E87C961BAD6F345B60235051 /* Assets.xcassets in Resources */ = {isa = PBXBuildFile; fileRef = 014DA775568F5F5F132F5797 /* Assets.xcassets */; };
		F820E5E0D439114F3813B991 /* GoogleMobileAds in Frameworks */ = {isa = PBXBuildFile; productRef = C397086431017126AC4292D4 /* GoogleMobileAds */; };
/* End PBXBuildFile section */

/* Begin PBXFileReference section */
		014DA775568F5F5F132F5797 /* Assets.xcassets */ = {isa = PBXFileReference; lastKnownFileType = folder.assetcatalog; path = Assets.xcassets; sourceTree = "<group>"; };
		033AA694FFB861833F9C2C54 /* AdConfig.swift */ = {isa = PBXFileReference; lastKnownFileType = sourcecode.swift; path = AdConfig.swift; sourceTree = "<group>"; };
		484AB196DD77AA05D8C452E1 /* UnitConverterApp.swift */ = {isa = PBXFileReference; lastKnownFileType = sourcecode.swift; path = UnitConverterApp.swift; sourceTree = "<group>"; };
		549A5AF302279A245E02963E /* UnitConverter.app */ = {isa = PBXFileReference; explicitFileType = wrapper.application; includeInIndex = 0; path = UnitConverter.app; sourceTree = BUILT_PRODUCTS_DIR; };
		758893B533720B80987FDD58 /* ConversionModels.swift */ = {isa = PBXFileReference; lastKnownFileType = sourcecode.swift; path = ConversionModels.swift; sourceTree = "<group>"; };
		832F024CCDD893C339075D14 /* PrivacyInfo.xcprivacy */ = {isa = PBXFileReference; lastKnownFileType = text.xml; path = PrivacyInfo.xcprivacy; sourceTree = "<group>"; };
		AFB658C211672EFBC7841D9D /* ContentView.swift */ = {isa = PBXFileReference; lastKnownFileType = sourcecode.swift; path = ContentView.swift; sourceTree = "<group>"; };
		B87E14B15C2FA04D3EFAD26E /* BannerAdView.swift */ = {isa = PBXFileReference; lastKnownFileType = sourcecode.swift; path = BannerAdView.swift; sourceTree = "<group>"; };
		C089942B203256704932F6B4 /* UnitConverter.entitlements */ = {isa = PBXFileReference; lastKnownFileType = text.plist.entitlements; path = UnitConverter.entitlements; sourceTree = "<group>"; };
		E4A0B4D6D33351125B0AC091 /* ConverterView.swift */ = {isa = PBXFileReference; lastKnownFileType = sourcecode.swift; path = ConverterView.swift; sourceTree = "<group>"; };
		EC7BB1C4EEB2757A931C20EF /* Info.plist */ = {isa = PBXFileReference; lastKnownFileType = text.plist; path = Info.plist; sourceTree = "<group>"; };
/* End PBXFileReference section */

/* Begin PBXFrameworksBuildPhase section */
		176C042C3176AD96B9B00AE9 /* Frameworks */ = {
			isa = PBXFrameworksBuildPhase;
			buildActionMask = 2147483647;
			files = (
				F820E5E0D439114F3813B991 /* GoogleMobileAds in Frameworks */,
			);
			runOnlyForDeploymentPostprocessing = 0;
		};
/* End PBXFrameworksBuildPhase section */

/* Begin PBXGroup section */
		187EF2AE694F6EB029A0CB18 = {
			isa = PBXGroup;
			children = (
				5FAD9E60ECB9379FD6CCDA82 /* UnitConverter */,
				DC363552018D3224D3F54D2F /* Products */,
			);
			sourceTree = "<group>";
		};
		2E3AD824FE36722226DCA395 /* Views */ = {
			isa = PBXGroup;
			children = (
				B87E14B15C2FA04D3EFAD26E /* BannerAdView.swift */,
				AFB658C211672EFBC7841D9D /* ContentView.swift */,
				E4A0B4D6D33351125B0AC091 /* ConverterView.swift */,
			);
			path = Views;
			sourceTree = "<group>";
		};
		440543CDECCB9E241D76C727 /* Resources */ = {
			isa = PBXGroup;
			children = (
				014DA775568F5F5F132F5797 /* Assets.xcassets */,
				EC7BB1C4EEB2757A931C20EF /* Info.plist */,
				832F024CCDD893C339075D14 /* PrivacyInfo.xcprivacy */,
			);
			path = Resources;
			sourceTree = "<group>";
		};
		5FAD9E60ECB9379FD6CCDA82 /* UnitConverter */ = {
			isa = PBXGroup;
			children = (
				C089942B203256704932F6B4 /* UnitConverter.entitlements */,
				484AB196DD77AA05D8C452E1 /* UnitConverterApp.swift */,
				D398F59575B61E398996DB19 /* Models */,
				440543CDECCB9E241D76C727 /* Resources */,
				C15B9AB96F490B46EF353630 /* Services */,
				2E3AD824FE36722226DCA395 /* Views */,
			);
			path = UnitConverter;
			sourceTree = "<group>";
		};
		C15B9AB96F490B46EF353630 /* Services */ = {
			isa = PBXGroup;
			children = (
				033AA694FFB861833F9C2C54 /* AdConfig.swift */,
			);
			path = Services;
			sourceTree = "<group>";
		};
		D398F59575B61E398996DB19 /* Models */ = {
			isa = PBXGroup;
			children = (
				758893B533720B80987FDD58 /* ConversionModels.swift */,
			);
			path = Models;
			sourceTree = "<group>";
		};
		DC363552018D3224D3F54D2F /* Products */ = {
			isa = PBXGroup;
			children = (
				549A5AF302279A245E02963E /* UnitConverter.app */,
			);
			name = Products;
			sourceTree = "<group>";
		};
/* End PBXGroup section */

/* Begin PBXNativeTarget section */
		DE08EF0432B37B63E0B4902A /* UnitConverter */ = {
			isa = PBXNativeTarget;
			buildConfigurationList = 32BCB9F0CED20376E8602D8A /* Build configuration list for PBXNativeTarget "UnitConverter" */;
			buildPhases = (
				4CC9C16111AF93395EADFCC9 /* Sources */,
				BFE6C892E72B3FF7FDE197DB /* Resources */,
				176C042C3176AD96B9B00AE9 /* Frameworks */,
			);
			buildRules = (
			);
			dependencies = (
			);
			name = UnitConverter;
			packageProductDependencies = (
				C397086431017126AC4292D4 /* GoogleMobileAds */,
			);
			productName = UnitConverter;
			productReference = 549A5AF302279A245E02963E /* UnitConverter.app */;
			productType = "com.apple.product-type.application";
		};
/* End PBXNativeTarget section */

/* Begin PBXProject section */
		296AB86B1BFB7FAAAE040884 /* Project object */ = {
			isa = PBXProject;
			attributes = {
				BuildIndependentTargetsInParallel = YES;
				LastUpgradeCheck = 1500;
			};
			buildConfigurationList = 819DAA958CAD1660659554F1 /* Build configuration list for PBXProject "UnitConverter" */;
			developmentRegion = en;
			hasScannedForEncodings = 0;
			knownRegions = (
				Base,
				en,
			);
			mainGroup = 187EF2AE694F6EB029A0CB18;
			minimizedProjectReferenceProxies = 1;
			packageReferences = (
				5D237BC42E1CC8DB12E52506 /* XCRemoteSwiftPackageReference "swift-package-manager-google-mobile-ads" */,
			);
			preferredProjectObjectVersion = 77;
			productRefGroup = DC363552018D3224D3F54D2F /* Products */;
			projectDirPath = "";
			projectRoot = "";
			targets = (
				DE08EF0432B37B63E0B4902A /* UnitConverter */,
			);
		};
/* End PBXProject section */

/* Begin PBXResourcesBuildPhase section */
		BFE6C892E72B3FF7FDE197DB /* Resources */ = {
			isa = PBXResourcesBuildPhase;
			buildActionMask = 2147483647;
			files = (
				E87C961BAD6F345B60235051 /* Assets.xcassets in Resources */,
				8EB85540D41A42CB3DF0AD85 /* PrivacyInfo.xcprivacy in Resources */,
			);
			runOnlyForDeploymentPostprocessing = 0;
		};
/* End PBXResourcesBuildPhase section */

/* Begin PBXSourcesBuildPhase section */
		4CC9C16111AF93395EADFCC9 /* Sources */ = {
			isa = PBXSourcesBuildPhase;
			buildActionMask = 2147483647;
			files = (
				21E34002BD9A77D8650C9B11 /* AdConfig.swift in Sources */,
				9FDF97D520349F9F8644CA1D /* BannerAdView.swift in Sources */,
				99BA73F24D54BA8A10900F45 /* ContentView.swift in Sources */,
				DC64F68DC62F6D5947BBE9DD /* ConversionModels.swift in Sources */,
				35957F496F7290021875FE04 /* ConverterView.swift in Sources */,
				E5E0A28CD4756182F5291845 /* UnitConverterApp.swift in Sources */,
			);
			runOnlyForDeploymentPostprocessing = 0;
		};
/* End PBXSourcesBuildPhase section */

/* Begin XCBuildConfiguration section */
		14DF3DD28FBCDF46CC4E9F87 /* Debug */ = {
			isa = XCBuildConfiguration;
			buildSettings = {
				ASSETCATALOG_COMPILER_APPICON_NAME = AppIcon;
				CODE_SIGN_ENTITLEMENTS = UnitConverter/UnitConverter.entitlements;
				CODE_SIGN_IDENTITY = "iPhone Developer";
				DEVELOPMENT_TEAM = V77HF8V7Z4;
				ENABLE_PREVIEWS = NO;
				INFOPLIST_FILE = UnitConverter/Resources/Info.plist;
				LD_RUNPATH_SEARCH_PATHS = (
					"$(inherited)",
					"@executable_path/Frameworks",
				);
				PRODUCT_BUNDLE_IDENTIFIER = com.dizhenyujing.unitconverter;
				SDKROOT = iphoneos;
				SUPPORTS_MAC_DESIGNED_FOR_IPHONE_IPAD = NO;
				TARGETED_DEVICE_FAMILY = 1;
			};
			name = Debug;
		};
		800039D7001EF43715D13643 /* Release */ = {
			isa = XCBuildConfiguration;
			buildSettings = {
				ASSETCATALOG_COMPILER_APPICON_NAME = AppIcon;
				CODE_SIGN_ENTITLEMENTS = UnitConverter/UnitConverter.entitlements;
				CODE_SIGN_IDENTITY = "Apple Development";
				CODE_SIGN_STYLE = Automatic;
				DEVELOPMENT_TEAM = V77HF8V7Z4;
				ENABLE_PREVIEWS = NO;
				INFOPLIST_FILE = UnitConverter/Resources/Info.plist;
				LD_RUNPATH_SEARCH_PATHS = (
					"$(inherited)",
					"@executable_path/Frameworks",
				);
				PRODUCT_BUNDLE_IDENTIFIER = com.dizhenyujing.unitconverter;
				PROVISIONING_PROFILE_SPECIFIER = "";
				SDKROOT = iphoneos;
				SUPPORTS_MAC_DESIGNED_FOR_IPHONE_IPAD = NO;
				TARGETED_DEVICE_FAMILY = 1;
			};
			name = Release;
		};
		C68FFA8DD80EC0025A303456 /* Debug */ = {
			isa = XCBuildConfiguration;
			buildSettings = {
				ALWAYS_SEARCH_USER_PATHS = NO;
				CLANG_ANALYZER_NONNULL = YES;
				CLANG_ANALYZER_NUMBER_OBJECT_CONVERSION = YES_AGGRESSIVE;
				CLANG_CXX_LANGUAGE_STANDARD = "gnu++14";
				CLANG_CXX_LIBRARY = "libc++";
				CLANG_ENABLE_MODULES = YES;
				CLANG_ENABLE_OBJC_ARC = YES;
				CLANG_ENABLE_OBJC_WEAK = YES;
				CLANG_WARN_BLOCK_CAPTURE_AUTORELEASING = YES;
				CLANG_WARN_BOOL_CONVERSION = YES;
				CLANG_WARN_COMMA = YES;
				CLANG_WARN_CONSTANT_CONVERSION = YES;
				CLANG_WARN_DEPRECATED_OBJC_IMPLEMENTATIONS = YES;
				CLANG_WARN_DIRECT_OBJC_ISA_USAGE = YES_ERROR;
				CLANG_WARN_DOCUMENTATION_COMMENTS = YES;
				CLANG_WARN_EMPTY_BODY = YES;
				CLANG_WARN_ENUM_CONVERSION = YES;
				CLANG_WARN_INFINITE_RECURSION = YES;
				CLANG_WARN_INT_CONVERSION = YES;
				CLANG_WARN_NON_LITERAL_NULL_CONVERSION = YES;
				CLANG_WARN_OBJC_IMPLICIT_RETAIN_SELF = YES;
				CLANG_WARN_OBJC_LITERAL_CONVERSION = YES;
				CLANG_WARN_OBJC_ROOT_CLASS = YES_ERROR;
				CLANG_WARN_QUOTED_INCLUDE_IN_FRAMEWORK_HEADER = YES;
				CLANG_WARN_RANGE_LOOP_ANALYSIS = YES;
				CLANG_WARN_STRICT_PROTOTYPES = YES;
				CLANG_WARN_SUSPICIOUS_MOVE = YES;
				CLANG_WARN_UNGUARDED_AVAILABILITY = YES_AGGRESSIVE;
				CLANG_WARN_UNREACHABLE_CODE = YES;
				CLANG_WARN__DUPLICATE_METHOD_MATCH = YES;
				CODE_SIGN_STYLE = Automatic;
				COPY_PHASE_STRIP = NO;
				DEBUG_INFORMATION_FORMAT = dwarf;
				ENABLE_STRICT_OBJC_MSGSEND = YES;
				ENABLE_TESTABILITY = YES;
				GCC_C_LANGUAGE_STANDARD = gnu11;
				GCC_DYNAMIC_NO_PIC = NO;
				GCC_NO_COMMON_BLOCKS = YES;
				GCC_OPTIMIZATION_LEVEL = 0;
				GCC_PREPROCESSOR_DEFINITIONS = (
					"$(inherited)",
					"DEBUG=1",
				);
				GCC_WARN_64_TO_32_BIT_CONVERSION = YES;
				GCC_WARN_ABOUT_RETURN_TYPE = YES_ERROR;
				GCC_WARN_UNDECLARED_SELECTOR = YES;
				GCC_WARN_UNINITIALIZED_AUTOS = YES_AGGRESSIVE;
				GCC_WARN_UNUSED_FUNCTION = YES;
				GCC_WARN_UNUSED_VARIABLE = YES;
				IPHONEOS_DEPLOYMENT_TARGET = 17.0;
				MTL_ENABLE_DEBUG_INFO = INCLUDE_SOURCE;
				MTL_FAST_MATH = YES;
				ONLY_ACTIVE_ARCH = YES;
				PRODUCT_NAME = "$(TARGET_NAME)";
				SDKROOT = iphoneos;
				SWIFT_ACTIVE_COMPILATION_CONDITIONS = DEBUG;
				SWIFT_OPTIMIZATION_LEVEL = "-Onone";
				SWIFT_VERSION = 5.9;
			};
			name = Debug;
		};
		ED67F83057CEE50ECF046BBC /* Release */ = {
			isa = XCBuildConfiguration;
			buildSettings = {
				ALWAYS_SEARCH_USER_PATHS = NO;
				CLANG_ANALYZER_NONNULL = YES;
				CLANG_ANALYZER_NUMBER_OBJECT_CONVERSION = YES_AGGRESSIVE;
				CLANG_CXX_LANGUAGE_STANDARD = "gnu++14";
				CLANG_CXX_LIBRARY = "libc++";
				CLANG_ENABLE_MODULES = YES;
				CLANG_ENABLE_OBJC_ARC = YES;
				CLANG_ENABLE_OBJC_WEAK = YES;
				CLANG_WARN_BLOCK_CAPTURE_AUTORELEASING = YES;
				CLANG_WARN_BOOL_CONVERSION = YES;
				CLANG_WARN_COMMA = YES;
				CLANG_WARN_CONSTANT_CONVERSION = YES;
				CLANG_WARN_DEPRECATED_OBJC_IMPLEMENTATIONS = YES;
				CLANG_WARN_DIRECT_OBJC_ISA_USAGE = YES_ERROR;
				CLANG_WARN_DOCUMENTATION_COMMENTS = YES;
				CLANG_WARN_EMPTY_BODY = YES;
				CLANG_WARN_ENUM_CONVERSION = YES;
				CLANG_WARN_INFINITE_RECURSION = YES;
				CLANG_WARN_INT_CONVERSION = YES;
				CLANG_WARN_NON_LITERAL_NULL_CONVERSION = YES;
				CLANG_WARN_OBJC_IMPLICIT_RETAIN_SELF = YES;
				CLANG_WARN_OBJC_LITERAL_CONVERSION = YES;
				CLANG_WARN_OBJC_ROOT_CLASS = YES_ERROR;
				CLANG_WARN_QUOTED_INCLUDE_IN_FRAMEWORK_HEADER = YES;
				CLANG_WARN_RANGE_LOOP_ANALYSIS = YES;
				CLANG_WARN_STRICT_PROTOTYPES = YES;
				CLANG_WARN_SUSPICIOUS_MOVE = YES;
				CLANG_WARN_UNGUARDED_AVAILABILITY = YES_AGGRESSIVE;
				CLANG_WARN_UNREACHABLE_CODE = YES;
				CLANG_WARN__DUPLICATE_METHOD_MATCH = YES;
				CODE_SIGN_STYLE = Automatic;
				COPY_PHASE_STRIP = NO;
				DEBUG_INFORMATION_FORMAT = "dwarf-with-dsym";
				ENABLE_NS_ASSERTIONS = NO;
				ENABLE_STRICT_OBJC_MSGSEND = YES;
				GCC_C_LANGUAGE_STANDARD = gnu11;
				GCC_NO_COMMON_BLOCKS = YES;
				GCC_WARN_64_TO_32_BIT_CONVERSION = YES;
				GCC_WARN_ABOUT_RETURN_TYPE = YES_ERROR;
				GCC_WARN_UNDECLARED_SELECTOR = YES;
				GCC_WARN_UNINITIALIZED_AUTOS = YES_AGGRESSIVE;
				GCC_WARN_UNUSED_FUNCTION = YES;
				GCC_WARN_UNUSED_VARIABLE = YES;
				IPHONEOS_DEPLOYMENT_TARGET = 17.0;
				MTL_ENABLE_DEBUG_INFO = NO;
				MTL_FAST_MATH = YES;
				PRODUCT_NAME = "$(TARGET_NAME)";
				SDKROOT = iphoneos;
				SWIFT_COMPILATION_MODE = wholemodule;
				SWIFT_OPTIMIZATION_LEVEL = "-O";
				SWIFT_VERSION = 5.9;
			};
			name = Release;
		};
/* End XCBuildConfiguration section */

/* Begin XCConfigurationList section */
		32BCB9F0CED20376E8602D8A /* Build configuration list for PBXNativeTarget "UnitConverter" */ = {
			isa = XCConfigurationList;
			buildConfigurations = (
				14DF3DD28FBCDF46CC4E9F87 /* Debug */,
				800039D7001EF43715D13643 /* Release */,
			);
			defaultConfigurationIsVisible = 0;
			defaultConfigurationName = Debug;
		};
		819DAA958CAD1660659554F1 /* Build configuration list for PBXProject "UnitConverter" */ = {
			isa = XCConfigurationList;
			buildConfigurations = (
				C68FFA8DD80EC0025A303456 /* Debug */,
				ED67F83057CEE50ECF046BBC /* Release */,
			);
			defaultConfigurationIsVisible = 0;
			defaultConfigurationName = Debug;
		};
/* End XCConfigurationList section */

/* Begin XCRemoteSwiftPackageReference section */
		5D237BC42E1CC8DB12E52506 /* XCRemoteSwiftPackageReference "swift-package-manager-google-mobile-ads" */ = {
			isa = XCRemoteSwiftPackageReference;
			repositoryURL = "https://github.com/googleads/swift-package-manager-google-mobile-ads.git";
			requirement = {
				kind = upToNextMajorVersion;
				minimumVersion = 11.0.0;
			};
		};
/* End XCRemoteSwiftPackageReference section */

/* Begin XCSwiftPackageProductDependency section */
		C397086431017126AC4292D4 /* GoogleMobileAds */ = {
			isa = XCSwiftPackageProductDependency;
			package = 5D237BC42E1CC8DB12E52506 /* XCRemoteSwiftPackageReference "swift-package-manager-google-mobile-ads" */;
			productName = GoogleMobileAds;
		};
/* End XCSwiftPackageProductDependency section */
	};
	rootObject = 296AB86B1BFB7FAAAE040884 /* Project object */;
}
